
Microsoft Visual Studio Solution File, Format Version 12.00
# Visual Studio Version 17
VisualStudioVersion = 17.2.32630.192
MinimumVisualStudioVersion = 10.0.40219.1
Project("{2150E333-8FDC-42A3-9474-1A3956D46DE8}") = "Application", "Application", "{654F0885-29E6-4C01-ACDC-0CBF38AF5D15}"
EndProject
Project("{2150E333-8FDC-42A3-9474-1A3956D46DE8}") = "Domain", "Domain", "{A7BCD5BD-A342-416C-A81C-877691A9F8BE}"
EndProject
Project("{2150E333-8FDC-42A3-9474-1A3956D46DE8}") = "Infra.IoC", "Infra.IoC", "{89337456-3E62-43D2-80C0-527166C9A4AD}"
EndProject
Project("{2150E333-8FDC-42A3-9474-1A3956D46DE8}") = "Infra.Data", "Infra.Data", "{7F24426E-F8BA-4F9C-A442-E982F10C8EDC}"
EndProject
Project("{2150E333-8FDC-42A3-9474-1A3956D46DE8}") = "UI.MVC", "UI.MVC", "{84ABBFD4-73AD-4BE4-874E-DDFCBF9CB57A}"
EndProject
Project("{9A19103F-16F7-4668-BE54-9A1E7A4F7556}") = "Orders.MVC", "Orders.MVC\Orders.MVC.csproj", "{630788B1-66B7-45B1-A394-84C13074ABB0}"
EndProject
Project("{9A19103F-16F7-4668-BE54-9A1E7A4F7556}") = "Orders.Domain", "Orders.Domain\Orders.Domain.csproj", "{28D980D3-05B1-4023-B025-A8A3C04F797A}"
EndProject
Project("{9A19103F-16F7-4668-BE54-9A1E7A4F7556}") = "Orders.Infra.Data", "Orders.Infra.Data\Orders.Infra.Data.csproj", "{24CFFF6B-EB56-4F51-AAFE-7BAE8A90799E}"
EndProject
Project("{9A19103F-16F7-4668-BE54-9A1E7A4F7556}") = "Orders.Application", "Orders.Application\Orders.Application.csproj", "{A7F6CBE8-87EA-470C-8186-5C0E5FB2F96B}"
EndProject
Project("{9A19103F-16F7-4668-BE54-9A1E7A4F7556}") = "Orders.Infra.IoC", "Orders.Infra.ioC\Orders.Infra.IoC.csproj", "{3CFDF64A-17CD-4AC0-8000-C72D6D25C780}"
EndProject
Global
	GlobalSection(SolutionConfigurationPlatforms) = preSolution
		Debug|Any CPU = Debug|Any CPU
		Release|Any CPU = Release|Any CPU
	EndGlobalSection
	GlobalSection(ProjectConfigurationPlatforms) = postSolution
		{630788B1-66B7-45B1-A394-84C13074ABB0}.Debug|Any CPU.ActiveCfg = Debug|Any CPU
		{630788B1-66B7-45B1-A394-84C13074ABB0}.Debug|Any CPU.Build.0 = Debug|Any CPU
		{630788B1-66B7-45B1-A394-84C13074ABB0}.Release|Any CPU.ActiveCfg = Release|Any CPU
		{630788B1-66B7-45B1-A394-84C13074ABB0}.Release|Any CPU.Build.0 = Release|Any CPU
		{28D980D3-05B1-4023-B025-A8A3C04F797A}.Debug|Any CPU.ActiveCfg = Debug|Any CPU
		{28D980D3-05B1-4023-B025-A8A3C04F797A}.Debug|Any CPU.Build.0 = Debug|Any CPU
		{28D980D3-05B1-4023-B025-A8A3C04F797A}.Release|Any CPU.ActiveCfg = Release|Any CPU
		{28D980D3-05B1-4023-B025-A8A3C04F797A}.Release|Any CPU.Build.0 = Release|Any CPU
		{24CFFF6B-EB56-4F51-AAFE-7BAE8A90799E}.Debug|Any CPU.ActiveCfg = Debug|Any CPU
		{24CFFF6B-EB56-4F51-AAFE-7BAE8A90799E}.Debug|Any CPU.Build.0 = Debug|Any CPU
		{24CFFF6B-EB56-4F51-AAFE-7BAE8A90799E}.Release|Any CPU.ActiveCfg = Release|Any CPU
		{24CFFF6B-EB56-4F51-AAFE-7BAE8A90799E}.Release|Any CPU.Build.0 = Release|Any CPU
		{A7F6CBE8-87EA-470C-8186-5C0E5FB2F96B}.Debug|Any CPU.ActiveCfg = Debug|Any CPU
		{A7F6CBE8-87EA-470C-8186-5C0E5FB2F96B}.Debug|Any CPU.Build.0 = Debug|Any CPU
		{A7F6CBE8-87EA-470C-8186-5C0E5FB2F96B}.Release|Any CPU.ActiveCfg = Release|Any CPU
		{A7F6CBE8-87EA-470C-8186-5C0E5FB2F96B}.Release|Any CPU.Build.0 = Release|Any CPU
		{3CFDF64A-17CD-4AC0-8000-C72D6D25C780}.Debug|Any CPU.ActiveCfg = Debug|Any CPU
		{3CFDF64A-17CD-4AC0-8000-C72D6D25C780}.Debug|Any CPU.Build.0 = Debug|Any CPU
		{3CFDF64A-17CD-4AC0-8000-C72D6D25C780}.Release|Any CPU.ActiveCfg = Release|Any CPU
		{3CFDF64A-17CD-4AC0-8000-C72D6D25C780}.Release|Any CPU.Build.0 = Release|Any CPU
	EndGlobalSection
	GlobalSection(SolutionProperties) = preSolution
		HideSolutionNode = FALSE
	EndGlobalSection
	GlobalSection(NestedProjects) = preSolution
		{630788B1-66B7-45B1-A394-84C13074ABB0} = {84ABBFD4-73AD-4BE4-874E-DDFCBF9CB57A}
		{28D980D3-05B1-4023-B025-A8A3C04F797A} = {A7BCD5BD-A342-416C-A81C-877691A9F8BE}
		{24CFFF6B-EB56-4F51-AAFE-7BAE8A90799E} = {7F24426E-F8BA-4F9C-A442-E982F10C8EDC}
		{A7F6CBE8-87EA-470C-8186-5C0E5FB2F96B} = {654F0885-29E6-4C01-ACDC-0CBF38AF5D15}
		{3CFDF64A-17CD-4AC0-8000-C72D6D25C780} = {89337456-3E62-43D2-80C0-527166C9A4AD}
	EndGlobalSection
	GlobalSection(ExtensibilityGlobals) = postSolution
		SolutionGuid = {A120D671-6FB9-4CA3-829A-B311F428E868}
	EndGlobalSection
EndGlobal
